
Microsoft Visual Studio Solution File, Format Version 11.00
# Visual Studio 2010
Project("{2150E333-8FDC-42A3-9474-1A3956D46DE8}") = "vendor", "vendor", "{A6E24479-AF0C-44B4-919F-24237B537D2F}"
EndProject
Project("{8BC9CEB8-8B4A-11D0-8D11-00A0C91BC942}") = "dumbassembly", "dumbassembly\dumbassembly.vcxproj", "{C38D1E17-A858-4D62-B118-CFEE2A37C16B}"
EndProject
Project("{8BC9CEB8-8B4A-11D0-8D11-00A0C91BC942}") = "dotnetpe", "dotnetpe\dotnetpe.vcxproj", "{2F93B019-8FCF-4515-975E-A97E40664CA2}"
EndProject
Project("{8BC9CEB8-8B4A-11D0-8D11-00A0C91BC942}") = "pe", "pe\pe.vcxproj", "{AEDF1E04-AFC4-446C-B667-FD266C2AA01E}"
EndProject
Project("{8BC9CEB8-8B4A-11D0-8D11-00A0C91BC942}") = "shared", "shared\shared.vcxproj", "{58ADEDEC-06F5-488D-9664-ABE1F780963F}"
EndProject
Project("{8BC9CEB8-8B4A-11D0-8D11-00A0C91BC942}") = "cryptlib", "vendor\crypto++\cryptlib.vcxproj", "{3423EC9A-52E4-4A4D-9753-EDEBC38785EF}"
EndProject
Project("{8BC9CEB8-8B4A-11D0-8D11-00A0C91BC942}") = "FastDelegate", "vendor\FastDelegate\FastDelegate.vcxproj", "{773B40A2-3C94-4DEC-AF2F-49D87AF98F10}"
EndProject
Project("{8BC9CEB8-8B4A-11D0-8D11-00A0C91BC942}") = "tests", "tests\tests.vcxproj", "{E89161E4-541B-4108-A6B0-E00CDEF22B79}"
EndProject
Project("{8BC9CEB8-8B4A-11D0-8D11-00A0C91BC942}") = "DisasMSIL", "vendor\DisasMSIL\DisasMSIL.vcxproj", "{275654EE-E2C6-44F0-8ED5-C893E3A221AB}"
EndProject
Project("{8BC9CEB8-8B4A-11D0-8D11-00A0C91BC942}") = "zlib", "vendor\zlib\zlib.vcxproj", "{ABC2C1A9-6405-4B8E-8C45-8E72FBDA99B5}"
EndProject
Project("{8BC9CEB8-8B4A-11D0-8D11-00A0C91BC942}") = "RebelDotNet", "vendor\RebelDotNet\RebelDotNet.vcxproj", "{F585A63F-2987-48D7-B51E-BA2D11537276}"
EndProject
Global
	GlobalSection(SolutionConfigurationPlatforms) = preSolution
		Debug|Win32 = Debug|Win32
		DLL-Import Debug|Win32 = DLL-Import Debug|Win32
		DLL-Import Release|Win32 = DLL-Import Release|Win32
		Release|Win32 = Release|Win32
	EndGlobalSection
	GlobalSection(ProjectConfigurationPlatforms) = postSolution
		{C38D1E17-A858-4D62-B118-CFEE2A37C16B}.Debug|Win32.ActiveCfg = Debug|Win32
		{C38D1E17-A858-4D62-B118-CFEE2A37C16B}.Debug|Win32.Build.0 = Debug|Win32
		{C38D1E17-A858-4D62-B118-CFEE2A37C16B}.DLL-Import Debug|Win32.ActiveCfg = Debug|Win32
		{C38D1E17-A858-4D62-B118-CFEE2A37C16B}.DLL-Import Debug|Win32.Build.0 = Debug|Win32
		{C38D1E17-A858-4D62-B118-CFEE2A37C16B}.DLL-Import Release|Win32.ActiveCfg = Release|Win32
		{C38D1E17-A858-4D62-B118-CFEE2A37C16B}.DLL-Import Release|Win32.Build.0 = Release|Win32
		{C38D1E17-A858-4D62-B118-CFEE2A37C16B}.Release|Win32.ActiveCfg = Release|Win32
		{C38D1E17-A858-4D62-B118-CFEE2A37C16B}.Release|Win32.Build.0 = Release|Win32
		{2F93B019-8FCF-4515-975E-A97E40664CA2}.Debug|Win32.ActiveCfg = Debug|Win32
		{2F93B019-8FCF-4515-975E-A97E40664CA2}.Debug|Win32.Build.0 = Debug|Win32
		{2F93B019-8FCF-4515-975E-A97E40664CA2}.DLL-Import Debug|Win32.ActiveCfg = Debug|Win32
		{2F93B019-8FCF-4515-975E-A97E40664CA2}.DLL-Import Debug|Win32.Build.0 = Debug|Win32
		{2F93B019-8FCF-4515-975E-A97E40664CA2}.DLL-Import Release|Win32.ActiveCfg = Release|Win32
		{2F93B019-8FCF-4515-975E-A97E40664CA2}.DLL-Import Release|Win32.Build.0 = Release|Win32
		{2F93B019-8FCF-4515-975E-A97E40664CA2}.Release|Win32.ActiveCfg = Release|Win32
		{2F93B019-8FCF-4515-975E-A97E40664CA2}.Release|Win32.Build.0 = Release|Win32
		{AEDF1E04-AFC4-446C-B667-FD266C2AA01E}.Debug|Win32.ActiveCfg = Debug|Win32
		{AEDF1E04-AFC4-446C-B667-FD266C2AA01E}.Debug|Win32.Build.0 = Debug|Win32
		{AEDF1E04-AFC4-446C-B667-FD266C2AA01E}.DLL-Import Debug|Win32.ActiveCfg = Debug|Win32
		{AEDF1E04-AFC4-446C-B667-FD266C2AA01E}.DLL-Import Debug|Win32.Build.0 = Debug|Win32
		{AEDF1E04-AFC4-446C-B667-FD266C2AA01E}.DLL-Import Release|Win32.ActiveCfg = Release|Win32
		{AEDF1E04-AFC4-446C-B667-FD266C2AA01E}.DLL-Import Release|Win32.Build.0 = Release|Win32
		{AEDF1E04-AFC4-446C-B667-FD266C2AA01E}.Release|Win32.ActiveCfg = Release|Win32
		{AEDF1E04-AFC4-446C-B667-FD266C2AA01E}.Release|Win32.Build.0 = Release|Win32
		{58ADEDEC-06F5-488D-9664-ABE1F780963F}.Debug|Win32.ActiveCfg = Debug|Win32
		{58ADEDEC-06F5-488D-9664-ABE1F780963F}.Debug|Win32.Build.0 = Debug|Win32
		{58ADEDEC-06F5-488D-9664-ABE1F780963F}.DLL-Import Debug|Win32.ActiveCfg = Debug|Win32
		{58ADEDEC-06F5-488D-9664-ABE1F780963F}.DLL-Import Debug|Win32.Build.0 = Debug|Win32
		{58ADEDEC-06F5-488D-9664-ABE1F780963F}.DLL-Import Release|Win32.ActiveCfg = Release|Win32
		{58ADEDEC-06F5-488D-9664-ABE1F780963F}.DLL-Import Release|Win32.Build.0 = Release|Win32
		{58ADEDEC-06F5-488D-9664-ABE1F780963F}.Release|Win32.ActiveCfg = Release|Win32
		{58ADEDEC-06F5-488D-9664-ABE1F780963F}.Release|Win32.Build.0 = Release|Win32
		{3423EC9A-52E4-4A4D-9753-EDEBC38785EF}.Debug|Win32.ActiveCfg = Debug|Win32
		{3423EC9A-52E4-4A4D-9753-EDEBC38785EF}.Debug|Win32.Build.0 = Debug|Win32
		{3423EC9A-52E4-4A4D-9753-EDEBC38785EF}.DLL-Import Debug|Win32.ActiveCfg = DLL-Import Debug|Win32
		{3423EC9A-52E4-4A4D-9753-EDEBC38785EF}.DLL-Import Debug|Win32.Build.0 = DLL-Import Debug|Win32
		{3423EC9A-52E4-4A4D-9753-EDEBC38785EF}.DLL-Import Release|Win32.ActiveCfg = DLL-Import Release|Win32
		{3423EC9A-52E4-4A4D-9753-EDEBC38785EF}.DLL-Import Release|Win32.Build.0 = DLL-Import Release|Win32
		{3423EC9A-52E4-4A4D-9753-EDEBC38785EF}.Release|Win32.ActiveCfg = Release|Win32
		{3423EC9A-52E4-4A4D-9753-EDEBC38785EF}.Release|Win32.Build.0 = Release|Win32
		{773B40A2-3C94-4DEC-AF2F-49D87AF98F10}.Debug|Win32.ActiveCfg = Debug|Win32
		{773B40A2-3C94-4DEC-AF2F-49D87AF98F10}.Debug|Win32.Build.0 = Debug|Win32
		{773B40A2-3C94-4DEC-AF2F-49D87AF98F10}.DLL-Import Debug|Win32.ActiveCfg = Debug|Win32
		{773B40A2-3C94-4DEC-AF2F-49D87AF98F10}.DLL-Import Debug|Win32.Build.0 = Debug|Win32
		{773B40A2-3C94-4DEC-AF2F-49D87AF98F10}.DLL-Import Release|Win32.ActiveCfg = Release|Win32
		{773B40A2-3C94-4DEC-AF2F-49D87AF98F10}.DLL-Import Release|Win32.Build.0 = Release|Win32
		{773B40A2-3C94-4DEC-AF2F-49D87AF98F10}.Release|Win32.ActiveCfg = Release|Win32
		{773B40A2-3C94-4DEC-AF2F-49D87AF98F10}.Release|Win32.Build.0 = Release|Win32
		{E89161E4-541B-4108-A6B0-E00CDEF22B79}.Debug|Win32.ActiveCfg = Debug|Win32
		{E89161E4-541B-4108-A6B0-E00CDEF22B79}.Debug|Win32.Build.0 = Debug|Win32
		{E89161E4-541B-4108-A6B0-E00CDEF22B79}.DLL-Import Debug|Win32.ActiveCfg = Debug|Win32
		{E89161E4-541B-4108-A6B0-E00CDEF22B79}.DLL-Import Debug|Win32.Build.0 = Debug|Win32
		{E89161E4-541B-4108-A6B0-E00CDEF22B79}.DLL-Import Release|Win32.ActiveCfg = Release|Win32
		{E89161E4-541B-4108-A6B0-E00CDEF22B79}.DLL-Import Release|Win32.Build.0 = Release|Win32
		{E89161E4-541B-4108-A6B0-E00CDEF22B79}.Release|Win32.ActiveCfg = Release|Win32
		{E89161E4-541B-4108-A6B0-E00CDEF22B79}.Release|Win32.Build.0 = Release|Win32
		{275654EE-E2C6-44F0-8ED5-C893E3A221AB}.Debug|Win32.ActiveCfg = Debug|Win32
		{275654EE-E2C6-44F0-8ED5-C893E3A221AB}.Debug|Win32.Build.0 = Debug|Win32
		{275654EE-E2C6-44F0-8ED5-C893E3A221AB}.DLL-Import Debug|Win32.ActiveCfg = Debug|Win32
		{275654EE-E2C6-44F0-8ED5-C893E3A221AB}.DLL-Import Debug|Win32.Build.0 = Debug|Win32
		{275654EE-E2C6-44F0-8ED5-C893E3A221AB}.DLL-Import Release|Win32.ActiveCfg = Release|Win32
		{275654EE-E2C6-44F0-8ED5-C893E3A221AB}.DLL-Import Release|Win32.Build.0 = Release|Win32
		{275654EE-E2C6-44F0-8ED5-C893E3A221AB}.Release|Win32.ActiveCfg = Release|Win32
		{275654EE-E2C6-44F0-8ED5-C893E3A221AB}.Release|Win32.Build.0 = Release|Win32
		{ABC2C1A9-6405-4B8E-8C45-8E72FBDA99B5}.Debug|Win32.ActiveCfg = Debug|Win32
		{ABC2C1A9-6405-4B8E-8C45-8E72FBDA99B5}.Debug|Win32.Build.0 = Debug|Win32
		{ABC2C1A9-6405-4B8E-8C45-8E72FBDA99B5}.DLL-Import Debug|Win32.ActiveCfg = Debug|Win32
		{ABC2C1A9-6405-4B8E-8C45-8E72FBDA99B5}.DLL-Import Debug|Win32.Build.0 = Debug|Win32
		{ABC2C1A9-6405-4B8E-8C45-8E72FBDA99B5}.DLL-Import Release|Win32.ActiveCfg = Release|Win32
		{ABC2C1A9-6405-4B8E-8C45-8E72FBDA99B5}.DLL-Import Release|Win32.Build.0 = Release|Win32
		{ABC2C1A9-6405-4B8E-8C45-8E72FBDA99B5}.Release|Win32.ActiveCfg = Release|Win32
		{ABC2C1A9-6405-4B8E-8C45-8E72FBDA99B5}.Release|Win32.Build.0 = Release|Win32
		{F585A63F-2987-48D7-B51E-BA2D11537276}.Debug|Win32.ActiveCfg = Debug|Win32
		{F585A63F-2987-48D7-B51E-BA2D11537276}.Debug|Win32.Build.0 = Debug|Win32
		{F585A63F-2987-48D7-B51E-BA2D11537276}.DLL-Import Debug|Win32.ActiveCfg = Debug|Win32
		{F585A63F-2987-48D7-B51E-BA2D11537276}.DLL-Import Debug|Win32.Build.0 = Debug|Win32
		{F585A63F-2987-48D7-B51E-BA2D11537276}.DLL-Import Release|Win32.ActiveCfg = Release|Win32
		{F585A63F-2987-48D7-B51E-BA2D11537276}.DLL-Import Release|Win32.Build.0 = Release|Win32
		{F585A63F-2987-48D7-B51E-BA2D11537276}.Release|Win32.ActiveCfg = Release|Win32
		{F585A63F-2987-48D7-B51E-BA2D11537276}.Release|Win32.Build.0 = Release|Win32
	EndGlobalSection
	GlobalSection(SolutionProperties) = preSolution
		HideSolutionNode = FALSE
	EndGlobalSection
	GlobalSection(NestedProjects) = preSolution
		{3423EC9A-52E4-4A4D-9753-EDEBC38785EF} = {A6E24479-AF0C-44B4-919F-24237B537D2F}
		{773B40A2-3C94-4DEC-AF2F-49D87AF98F10} = {A6E24479-AF0C-44B4-919F-24237B537D2F}
		{275654EE-E2C6-44F0-8ED5-C893E3A221AB} = {A6E24479-AF0C-44B4-919F-24237B537D2F}
		{ABC2C1A9-6405-4B8E-8C45-8E72FBDA99B5} = {A6E24479-AF0C-44B4-919F-24237B537D2F}
		{F585A63F-2987-48D7-B51E-BA2D11537276} = {A6E24479-AF0C-44B4-919F-24237B537D2F}
	EndGlobalSection
EndGlobal
